
Microsoft Visual Studio Solution File, Format Version 12.00
# Visual Studio Version 17
VisualStudioVersion = 17.6.33815.320
MinimumVisualStudioVersion = 10.0.40219.1
Project("{FAE04EC0-301F-11D3-BF4B-00C04F79EFBC}") = "Expr4", "Expr4\Expr4.csproj", "{3870D38D-B0A1-480B-9817-2E72F2BFB082}"
EndProject
Global
	GlobalSection(SolutionConfigurationPlatforms) = preSolution
		Debug|Any CPU = Debug|Any CPU
		Release|Any CPU = Release|Any CPU
	EndGlobalSection
	GlobalSection(ProjectConfigurationPlatforms) = postSolution
		{3870D38D-B0A1-480B-9817-2E72F2BFB082}.Debug|Any CPU.ActiveCfg = Debug|Any CPU
		{3870D38D-B0A1-480B-9817-2E72F2BFB082}.Debug|Any CPU.Build.0 = Debug|Any CPU
		{3870D38D-B0A1-480B-9817-2E72F2BFB082}.Release|Any CPU.ActiveCfg = Release|Any CPU
		{3870D38D-B0A1-480B-9817-2E72F2BFB082}.Release|Any CPU.Build.0 = Release|Any CPU
	EndGlobalSection
	GlobalSection(SolutionProperties) = preSolution
		HideSolutionNode = FALSE
	EndGlobalSection
	GlobalSection(ExtensibilityGlobals) = postSolution
		SolutionGuid = {2BF67C3F-F2B9-4A07-8603-79FCCEE1AA59}
	EndGlobalSection
EndGlobal
